
Microsoft Visual Studio Solution File, Format Version 12.00
# Visual Studio 15
VisualStudioVersion = 15.0.28307.136
MinimumVisualStudioVersion = 10.0.40219.1
Project("{8BC9CEB8-8B4A-11D0-8D11-00A0C91BC942}") = "vs-inline-asm", "vs-inline-asm\vs-inline-asm.vcxproj", "{2AF7A6E3-05E1-476A-9131-7F70D55FBC19}"
EndProject
Global
	GlobalSection(SolutionConfigurationPlatforms) = preSolution
		Debug|x64 = Debug|x64
		Debug|x86 = Debug|x86
		Release|x64 = Release|x64
		Release|x86 = Release|x86
	EndGlobalSection
	GlobalSection(ProjectConfigurationPlatforms) = postSolution
		{2AF7A6E3-05E1-476A-9131-7F70D55FBC19}.Debug|x64.ActiveCfg = Debug|x64
		{2AF7A6E3-05E1-476A-9131-7F70D55FBC19}.Debug|x64.Build.0 = Debug|x64
		{2AF7A6E3-05E1-476A-9131-7F70D55FBC19}.Debug|x86.ActiveCfg = Debug|Win32
		{2AF7A6E3-05E1-476A-9131-7F70D55FBC19}.Debug|x86.Build.0 = Debug|Win32
		{2AF7A6E3-05E1-476A-9131-7F70D55FBC19}.Release|x64.ActiveCfg = Release|x64
		{2AF7A6E3-05E1-476A-9131-7F70D55FBC19}.Release|x64.Build.0 = Release|x64
		{2AF7A6E3-05E1-476A-9131-7F70D55FBC19}.Release|x86.ActiveCfg = Release|Win32
		{2AF7A6E3-05E1-476A-9131-7F70D55FBC19}.Release|x86.Build.0 = Release|Win32
	EndGlobalSection
	GlobalSection(SolutionProperties) = preSolution
		HideSolutionNode = FALSE
	EndGlobalSection
	GlobalSection(ExtensibilityGlobals) = postSolution
		SolutionGuid = {ED68FB0F-E3E9-43B2-9789-BF4A61252B3E}
	EndGlobalSection
EndGlobal
